
Microsoft Visual Studio Solution File, Format Version 12.00
# Visual Studio Version 17
VisualStudioVersion = 17.11.35222.181
MinimumVisualStudioVersion = 10.0.40219.1
Project("{2150E333-8FDC-42A3-9474-1A3956D46DE8}") = "1.Presentation", "1.Presentation", "{B325BB4B-494D-4220-8AA9-D0E0D595935D}"
EndProject
Project("{2150E333-8FDC-42A3-9474-1A3956D46DE8}") = "2.Shared", "2.Shared", "{FC40289D-A682-46C9-8582-7115FAAEBB6E}"
EndProject
Project("{2150E333-8FDC-42A3-9474-1A3956D46DE8}") = "3.Services", "3.Services", "{78C0F6C2-A882-4090-9EF6-373F10C3CA2C}"
EndProject
Project("{2150E333-8FDC-42A3-9474-1A3956D46DE8}") = "4.Data", "4.Data", "{78A638A9-B138-4574-8DA3-CAE41BE83BC7}"
EndProject
Project("{2150E333-8FDC-42A3-9474-1A3956D46DE8}") = "5.Test", "5.Test", "{54E58172-5E57-4D96-A63E-EE9F67D3F7E8}"
EndProject
Project("{9A19103F-16F7-4668-BE54-9A1E7A4F7556}") = "Integration.Api", "Integration.Api\Integration.Api.csproj", "{A39406F4-83F4-4DC2-B08D-E495BB7F6BE5}"
EndProject
Project("{9A19103F-16F7-4668-BE54-9A1E7A4F7556}") = "Integration.Shared", "Integration.Shared\Integration.Shared.csproj", "{A2CBA11C-391D-49C3-92B8-EAC55A94C79B}"
EndProject
Project("{9A19103F-16F7-4668-BE54-9A1E7A4F7556}") = "Integration.Core", "Integration.Core\Integration.Core.csproj", "{C50D5B60-3E40-401A-AFF2-C50E6C655825}"
EndProject
Project("{9A19103F-16F7-4668-BE54-9A1E7A4F7556}") = "Integration.Infrastructure", "Integration.Infrastructure\Integration.Infrastructure.csproj", "{D1549695-CC67-4462-BA2B-D1D22DD1BACF}"
EndProject
Project("{9A19103F-16F7-4668-BE54-9A1E7A4F7556}") = "Integration.Application", "Integration.Application\Integration.Application.csproj", "{16713E54-B328-4515-81FE-E802681046E4}"
EndProject
Project("{FAE04EC0-301F-11D3-BF4B-00C04F79EFBC}") = "Integration.Infrastructure.Test", "Integration.Infrastructure.Test\Integration.Infrastructure.Test.csproj", "{062CF8AD-1ADB-48C0-9706-30379835BB50}"
EndProject
Project("{FAE04EC0-301F-11D3-BF4B-00C04F79EFBC}") = "Integration.Application.Test", "Integration.Application.Test\Integration.Application.Test.csproj", "{1036AAAB-E1CB-4027-ACC3-9826A2B05E04}"
EndProject
Global
	GlobalSection(SolutionConfigurationPlatforms) = preSolution
		Debug|Any CPU = Debug|Any CPU
		Release|Any CPU = Release|Any CPU
	EndGlobalSection
	GlobalSection(ProjectConfigurationPlatforms) = postSolution
		{A39406F4-83F4-4DC2-B08D-E495BB7F6BE5}.Debug|Any CPU.ActiveCfg = Debug|Any CPU
		{A39406F4-83F4-4DC2-B08D-E495BB7F6BE5}.Debug|Any CPU.Build.0 = Debug|Any CPU
		{A39406F4-83F4-4DC2-B08D-E495BB7F6BE5}.Release|Any CPU.ActiveCfg = Release|Any CPU
		{A39406F4-83F4-4DC2-B08D-E495BB7F6BE5}.Release|Any CPU.Build.0 = Release|Any CPU
		{A2CBA11C-391D-49C3-92B8-EAC55A94C79B}.Debug|Any CPU.ActiveCfg = Debug|Any CPU
		{A2CBA11C-391D-49C3-92B8-EAC55A94C79B}.Debug|Any CPU.Build.0 = Debug|Any CPU
		{A2CBA11C-391D-49C3-92B8-EAC55A94C79B}.Release|Any CPU.ActiveCfg = Release|Any CPU
		{A2CBA11C-391D-49C3-92B8-EAC55A94C79B}.Release|Any CPU.Build.0 = Release|Any CPU
		{C50D5B60-3E40-401A-AFF2-C50E6C655825}.Debug|Any CPU.ActiveCfg = Debug|Any CPU
		{C50D5B60-3E40-401A-AFF2-C50E6C655825}.Debug|Any CPU.Build.0 = Debug|Any CPU
		{C50D5B60-3E40-401A-AFF2-C50E6C655825}.Release|Any CPU.ActiveCfg = Release|Any CPU
		{C50D5B60-3E40-401A-AFF2-C50E6C655825}.Release|Any CPU.Build.0 = Release|Any CPU
		{D1549695-CC67-4462-BA2B-D1D22DD1BACF}.Debug|Any CPU.ActiveCfg = Debug|Any CPU
		{D1549695-CC67-4462-BA2B-D1D22DD1BACF}.Debug|Any CPU.Build.0 = Debug|Any CPU
		{D1549695-CC67-4462-BA2B-D1D22DD1BACF}.Release|Any CPU.ActiveCfg = Release|Any CPU
		{D1549695-CC67-4462-BA2B-D1D22DD1BACF}.Release|Any CPU.Build.0 = Release|Any CPU
		{16713E54-B328-4515-81FE-E802681046E4}.Debug|Any CPU.ActiveCfg = Debug|Any CPU
		{16713E54-B328-4515-81FE-E802681046E4}.Debug|Any CPU.Build.0 = Debug|Any CPU
		{16713E54-B328-4515-81FE-E802681046E4}.Release|Any CPU.ActiveCfg = Release|Any CPU
		{16713E54-B328-4515-81FE-E802681046E4}.Release|Any CPU.Build.0 = Release|Any CPU
		{062CF8AD-1ADB-48C0-9706-30379835BB50}.Debug|Any CPU.ActiveCfg = Debug|Any CPU
		{062CF8AD-1ADB-48C0-9706-30379835BB50}.Debug|Any CPU.Build.0 = Debug|Any CPU
		{062CF8AD-1ADB-48C0-9706-30379835BB50}.Release|Any CPU.ActiveCfg = Release|Any CPU
		{062CF8AD-1ADB-48C0-9706-30379835BB50}.Release|Any CPU.Build.0 = Release|Any CPU
		{1036AAAB-E1CB-4027-ACC3-9826A2B05E04}.Debug|Any CPU.ActiveCfg = Debug|Any CPU
		{1036AAAB-E1CB-4027-ACC3-9826A2B05E04}.Debug|Any CPU.Build.0 = Debug|Any CPU
		{1036AAAB-E1CB-4027-ACC3-9826A2B05E04}.Release|Any CPU.ActiveCfg = Release|Any CPU
		{1036AAAB-E1CB-4027-ACC3-9826A2B05E04}.Release|Any CPU.Build.0 = Release|Any CPU
	EndGlobalSection
	GlobalSection(SolutionProperties) = preSolution
		HideSolutionNode = FALSE
	EndGlobalSection
	GlobalSection(NestedProjects) = preSolution
		{A39406F4-83F4-4DC2-B08D-E495BB7F6BE5} = {B325BB4B-494D-4220-8AA9-D0E0D595935D}
		{A2CBA11C-391D-49C3-92B8-EAC55A94C79B} = {FC40289D-A682-46C9-8582-7115FAAEBB6E}
		{C50D5B60-3E40-401A-AFF2-C50E6C655825} = {78A638A9-B138-4574-8DA3-CAE41BE83BC7}
		{D1549695-CC67-4462-BA2B-D1D22DD1BACF} = {78A638A9-B138-4574-8DA3-CAE41BE83BC7}
		{16713E54-B328-4515-81FE-E802681046E4} = {78C0F6C2-A882-4090-9EF6-373F10C3CA2C}
		{062CF8AD-1ADB-48C0-9706-30379835BB50} = {54E58172-5E57-4D96-A63E-EE9F67D3F7E8}
		{1036AAAB-E1CB-4027-ACC3-9826A2B05E04} = {54E58172-5E57-4D96-A63E-EE9F67D3F7E8}
	EndGlobalSection
	GlobalSection(ExtensibilityGlobals) = postSolution
		SolutionGuid = {E221DC6F-EDD1-405E-A1AE-64FE511766D8}
	EndGlobalSection
EndGlobal
